// !$*UTF8*$!
{
	archiveVersion = 1;
	classes = {
	};
	objectVersion = 44;
	objects = {

/* Begin PBXBuildFile section */
		8D11072B0486CEB800E47090 /* InfoPlist.strings in Resources */ = {isa = PBXBuildFile; fileRef = 089C165CFE840E0CC02AAC07 /* InfoPlist.strings */; };
		8D11072D0486CEB800E47090 /* main.m in Sources */ = {isa = PBXBuildFile; fileRef = 29B97316FDCFA39411CA2CEA /* main.m */; settings = {ATTRIBUTES = (); }; };
		8D11072F0486CEB800E47090 /* Cocoa.framework in Frameworks */ = {isa = PBXBuildFile; fileRef = 1058C7A1FEA54F0111CA2CBB /* Cocoa.framework */; };
		932F32CC1144395A007290E2 /* PluginLibrary.m in Sources */ = {isa = PBXBuildFile; fileRef = 932F32CB1144395A007290E2 /* PluginLibrary.m */; };
		9338DFD30CE8ECF200CAEC13 /* PluginLibraryWindowController.m in Sources */ = {isa = PBXBuildFile; fileRef = 9338DFD20CE8ECF200CAEC13 /* PluginLibraryWindowController.m */; };
		9338DFD60CE8EF9000CAEC13 /* MailPreferencesFiddler.m in Sources */ = {isa = PBXBuildFile; fileRef = 9338DFD50CE8EF9000CAEC13 /* MailPreferencesFiddler.m */; };
		9338E0790CE9128400CAEC13 /* MailbundleOperations.m in Sources */ = {isa = PBXBuildFile; fileRef = 9338E0780CE9128400CAEC13 /* MailbundleOperations.m */; };
		9338E2600CEA4E6400CAEC13 /* TransparentImageView.m in Sources */ = {isa = PBXBuildFile; fileRef = 9338E25F0CEA4E6400CAEC13 /* TransparentImageView.m */; };
		9338E2960CEA5F4B00CAEC13 /* Constants.m in Sources */ = {isa = PBXBuildFile; fileRef = 9338E2950CEA5F4B00CAEC13 /* Constants.m */; };
		9338E3430CEA6A6700CAEC13 /* Utilities.m in Sources */ = {isa = PBXBuildFile; fileRef = 9338E3420CEA6A6700CAEC13 /* Utilities.m */; };
		9354C76E1144125400F16F6D /* BWToolkitFramework.framework in Frameworks */ = {isa = PBXBuildFile; fileRef = 9354C76D1144125400F16F6D /* BWToolkitFramework.framework */; };
		9354C7BF1144169D00F16F6D /* BWToolkitFramework.framework in Copy Frameworks */ = {isa = PBXBuildFile; fileRef = 9354C76D1144125400F16F6D /* BWToolkitFramework.framework */; };
		9354C8081144267A00F16F6D /* Sparkle.framework in Frameworks */ = {isa = PBXBuildFile; fileRef = 9354C8071144267A00F16F6D /* Sparkle.framework */; };
		9354C80B1144268F00F16F6D /* Sparkle.framework in Copy Frameworks */ = {isa = PBXBuildFile; fileRef = 9354C8071144267A00F16F6D /* Sparkle.framework */; };
		937386780CE52186007EFB20 /* MailPluginManagerController.m in Sources */ = {isa = PBXBuildFile; fileRef = 937386770CE52186007EFB20 /* MailPluginManagerController.m */; };
		9373867C0CE521C8007EFB20 /* MainMenu.xib in Resources */ = {isa = PBXBuildFile; fileRef = 9373867A0CE521C8007EFB20 /* MainMenu.xib */; };
		9373867F0CE52255007EFB20 /* PluginWindow.xib in Resources */ = {isa = PBXBuildFile; fileRef = 9373867E0CE52255007EFB20 /* PluginWindow.xib */; };
		937386860CE5232C007EFB20 /* Mailbundle.m in Sources */ = {isa = PBXBuildFile; fileRef = 937386850CE5232C007EFB20 /* Mailbundle.m */; };
		9373868A0CE52354007EFB20 /* Installer.m in Sources */ = {isa = PBXBuildFile; fileRef = 937386890CE52354007EFB20 /* Installer.m */; };
		937386990CE523B7007EFB20 /* PluginWindowController.m in Sources */ = {isa = PBXBuildFile; fileRef = 937386980CE523B7007EFB20 /* PluginWindowController.m */; };
		93A249270CF35C0900C7026C /* PausePlay.tiff in Resources */ = {isa = PBXBuildFile; fileRef = 93A249260CF35C0900C7026C /* PausePlay.tiff */; };
		93A249E90CF373BB00C7026C /* MailbundleOperationController.m in Sources */ = {isa = PBXBuildFile; fileRef = 93A249E80CF373BB00C7026C /* MailbundleOperationController.m */; };
		93A24A440CF37A3300C7026C /* MailbundleUIUpdater.m in Sources */ = {isa = PBXBuildFile; fileRef = 93A24A430CF37A3300C7026C /* MailbundleUIUpdater.m */; };
		93A24BA90CF3A62A00C7026C /* FSEventsController.m in Sources */ = {isa = PBXBuildFile; fileRef = 93A24BA80CF3A62A00C7026C /* FSEventsController.m */; };
		93A24BC90CF3A77A00C7026C /* CoreServices.framework in Frameworks */ = {isa = PBXBuildFile; fileRef = 93A24BC80CF3A77A00C7026C /* CoreServices.framework */; };
		93B2564F0CF4D97C00600F29 /* Localizable.strings in Resources */ = {isa = PBXBuildFile; fileRef = 93B2564E0CF4D97C00600F29 /* Localizable.strings */; };
		93C299FE0D0552930007FDCE /* MailAppOperations.m in Sources */ = {isa = PBXBuildFile; fileRef = 93C299FD0D0552930007FDCE /* MailAppOperations.m */; };
		93C29A3E0D0557960007FDCE /* ScriptingBridge.framework in Frameworks */ = {isa = PBXBuildFile; fileRef = 93C29A3D0D0557960007FDCE /* ScriptingBridge.framework */; };
		93D000040CEBC46E007705DB /* NSArray+CocoaDevUsersAdditions.m in Sources */ = {isa = PBXBuildFile; fileRef = 93D000030CEBC46E007705DB /* NSArray+CocoaDevUsersAdditions.m */; };
		93D0002F0CECAA21007705DB /* InstallationStatus.m in Sources */ = {isa = PBXBuildFile; fileRef = 93D0002E0CECAA21007705DB /* InstallationStatus.m */; };
		93D0FDF40CEB75D5007705DB /* delete.png in Resources */ = {isa = PBXBuildFile; fileRef = 93D0FDE80CEB75D5007705DB /* delete.png */; };
		93D0FDF50CEB75D5007705DB /* find.png in Resources */ = {isa = PBXBuildFile; fileRef = 93D0FDE90CEB75D5007705DB /* find.png */; };
		93D0FDF60CEB75D5007705DB /* Mailbundle.icns in Resources */ = {isa = PBXBuildFile; fileRef = 93D0FDEA0CEB75D5007705DB /* Mailbundle.icns */; };
		93D0FDF90CEB75D5007705DB /* MailPluginManager.icns in Resources */ = {isa = PBXBuildFile; fileRef = 93D0FDED0CEB75D5007705DB /* MailPluginManager.icns */; };
		93D0FDFC0CEB75D5007705DB /* Pause.tiff in Resources */ = {isa = PBXBuildFile; fileRef = 93D0FDF00CEB75D5007705DB /* Pause.tiff */; };
		93D0FDFD0CEB75D5007705DB /* Play.tiff in Resources */ = {isa = PBXBuildFile; fileRef = 93D0FDF10CEB75D5007705DB /* Play.tiff */; };
		93D0FDFE0CEB75D5007705DB /* reload.png in Resources */ = {isa = PBXBuildFile; fileRef = 93D0FDF20CEB75D5007705DB /* reload.png */; };
		93D0FDFF0CEB75D5007705DB /* stop.png in Resources */ = {isa = PBXBuildFile; fileRef = 93D0FDF30CEB75D5007705DB /* stop.png */; };
		93D0FE2E0CEB8898007705DB /* NSFileManager+TRAdditions.m in Sources */ = {isa = PBXBuildFile; fileRef = 93D0FE2D0CEB8898007705DB /* NSFileManager+TRAdditions.m */; };
		93D0FE860CEB91E5007705DB /* NSString+TRAdditions.m in Sources */ = {isa = PBXBuildFile; fileRef = 93D0FE850CEB91E5007705DB /* NSString+TRAdditions.m */; };
		93D0FFA90CEBB8C1007705DB /* PluginLibraryController.m in Sources */ = {isa = PBXBuildFile; fileRef = 93D0FFA80CEBB8C1007705DB /* PluginLibraryController.m */; };
		93E253A20CEE312F00D9525A /* AlertFactory.m in Sources */ = {isa = PBXBuildFile; fileRef = 93E253A10CEE312F00D9525A /* AlertFactory.m */; };
/* End PBXBuildFile section */

/* Begin PBXCopyFilesBuildPhase section */
		9354C7FA114416A900F16F6D /* Copy Frameworks */ = {
			isa = PBXCopyFilesBuildPhase;
			buildActionMask = 2147483647;
			dstPath = "";
			dstSubfolderSpec = 10;
			files = (
				9354C80B1144268F00F16F6D /* Sparkle.framework in Copy Frameworks */,
				9354C7BF1144169D00F16F6D /* BWToolkitFramework.framework in Copy Frameworks */,
			);
			name = "Copy Frameworks";
			runOnlyForDeploymentPostprocessing = 0;
		};
/* End PBXCopyFilesBuildPhase section */

/* Begin PBXFileReference section */
		089C165DFE840E0CC02AAC07 /* English */ = {isa = PBXFileReference; fileEncoding = 10; lastKnownFileType = text.plist.strings; name = English; path = English.lproj/InfoPlist.strings; sourceTree = "<group>"; };
		1058C7A1FEA54F0111CA2CBB /* Cocoa.framework */ = {isa = PBXFileReference; lastKnownFileType = wrapper.framework; name = Cocoa.framework; path = /System/Library/Frameworks/Cocoa.framework; sourceTree = "<absolute>"; };
		13E42FB307B3F0F600E4EEF1 /* CoreData.framework */ = {isa = PBXFileReference; lastKnownFileType = wrapper.framework; name = CoreData.framework; path = /System/Library/Frameworks/CoreData.framework; sourceTree = "<absolute>"; };
		29B97316FDCFA39411CA2CEA /* main.m */ = {isa = PBXFileReference; fileEncoding = 4; lastKnownFileType = sourcecode.c.objc; path = main.m; sourceTree = "<group>"; };
		29B97324FDCFA39411CA2CEA /* AppKit.framework */ = {isa = PBXFileReference; lastKnownFileType = wrapper.framework; name = AppKit.framework; path = /System/Library/Frameworks/AppKit.framework; sourceTree = "<absolute>"; };
		29B97325FDCFA39411CA2CEA /* Foundation.framework */ = {isa = PBXFileReference; lastKnownFileType = wrapper.framework; name = Foundation.framework; path = /System/Library/Frameworks/Foundation.framework; sourceTree = "<absolute>"; };
		32CA4F630368D1EE00C91783 /* MailPluginManager_Prefix.pch */ = {isa = PBXFileReference; fileEncoding = 4; lastKnownFileType = sourcecode.c.h; path = MailPluginManager_Prefix.pch; sourceTree = "<group>"; };
		8D1107310486CEB800E47090 /* Info.plist */ = {isa = PBXFileReference; fileEncoding = 4; lastKnownFileType = text.plist.xml; path = Info.plist; sourceTree = "<group>"; };
		8D1107320486CEB800E47090 /* Mail Plugin Manager.app */ = {isa = PBXFileReference; explicitFileType = wrapper.application; includeInIndex = 0; path = "Mail Plugin Manager.app"; sourceTree = BUILT_PRODUCTS_DIR; };
		932F32CA1144395A007290E2 /* PluginLibrary.h */ = {isa = PBXFileReference; fileEncoding = 4; lastKnownFileType = sourcecode.c.h; path = PluginLibrary.h; sourceTree = "<group>"; };
		932F32CB1144395A007290E2 /* PluginLibrary.m */ = {isa = PBXFileReference; fileEncoding = 4; lastKnownFileType = sourcecode.c.objc; path = PluginLibrary.m; sourceTree = "<group>"; };
		9338DFD10CE8ECF200CAEC13 /* PluginLibraryWindowController.h */ = {isa = PBXFileReference; fileEncoding = 4; lastKnownFileType = sourcecode.c.h; path = PluginLibraryWindowController.h; sourceTree = "<group>"; };
		9338DFD20CE8ECF200CAEC13 /* PluginLibraryWindowController.m */ = {isa = PBXFileReference; fileEncoding = 4; lastKnownFileType = sourcecode.c.objc; path = PluginLibraryWindowController.m; sourceTree = "<group>"; };
		9338DFD40CE8EF9000CAEC13 /* MailPreferencesFiddler.h */ = {isa = PBXFileReference; fileEncoding = 4; lastKnownFileType = sourcecode.c.h; path = MailPreferencesFiddler.h; sourceTree = "<group>"; };
		9338DFD50CE8EF9000CAEC13 /* MailPreferencesFiddler.m */ = {isa = PBXFileReference; fileEncoding = 4; lastKnownFileType = sourcecode.c.objc; path = MailPreferencesFiddler.m; sourceTree = "<group>"; };
		9338E0770CE9128400CAEC13 /* MailbundleOperations.h */ = {isa = PBXFileReference; fileEncoding = 4; lastKnownFileType = sourcecode.c.h; path = MailbundleOperations.h; sourceTree = "<group>"; };
		9338E0780CE9128400CAEC13 /* MailbundleOperations.m */ = {isa = PBXFileReference; fileEncoding = 4; lastKnownFileType = sourcecode.c.objc; path = MailbundleOperations.m; sourceTree = "<group>"; };
		9338E25E0CEA4E6400CAEC13 /* TransparentImageView.h */ = {isa = PBXFileReference; fileEncoding = 4; lastKnownFileType = sourcecode.c.h; path = TransparentImageView.h; sourceTree = "<group>"; };
		9338E25F0CEA4E6400CAEC13 /* TransparentImageView.m */ = {isa = PBXFileReference; fileEncoding = 4; lastKnownFileType = sourcecode.c.objc; path = TransparentImageView.m; sourceTree = "<group>"; };
		9338E2940CEA5F4B00CAEC13 /* Constants.h */ = {isa = PBXFileReference; fileEncoding = 4; lastKnownFileType = sourcecode.c.h; path = Constants.h; sourceTree = "<group>"; };
		9338E2950CEA5F4B00CAEC13 /* Constants.m */ = {isa = PBXFileReference; fileEncoding = 4; lastKnownFileType = sourcecode.c.objc; path = Constants.m; sourceTree = "<group>"; };
		9338E3410CEA6A6700CAEC13 /* Utilities.h */ = {isa = PBXFileReference; fileEncoding = 4; lastKnownFileType = sourcecode.c.h; path = Utilities.h; sourceTree = "<group>"; };
		9338E3420CEA6A6700CAEC13 /* Utilities.m */ = {isa = PBXFileReference; fileEncoding = 4; lastKnownFileType = sourcecode.c.objc; path = Utilities.m; sourceTree = "<group>"; };
		9338E38A0CEA7B2300CAEC13 /* InstallationStatus.h */ = {isa = PBXFileReference; fileEncoding = 4; lastKnownFileType = sourcecode.c.h; path = InstallationStatus.h; sourceTree = "<group>"; };
		9354C76D1144125400F16F6D /* BWToolkitFramework.framework */ = {isa = PBXFileReference; lastKnownFileType = wrapper.framework; name = BWToolkitFramework.framework; path = frameworks/BWToolkitFramework.framework; sourceTree = "<group>"; };
		9354C8071144267A00F16F6D /* Sparkle.framework */ = {isa = PBXFileReference; lastKnownFileType = wrapper.framework; name = Sparkle.framework; path = frameworks/Sparkle.framework; sourceTree = "<group>"; };
		937386760CE52186007EFB20 /* MailPluginManagerController.h */ = {isa = PBXFileReference; fileEncoding = 4; lastKnownFileType = sourcecode.c.h; path = MailPluginManagerController.h; sourceTree = "<group>"; };
		937386770CE52186007EFB20 /* MailPluginManagerController.m */ = {isa = PBXFileReference; fileEncoding = 4; lastKnownFileType = sourcecode.c.objc; path = MailPluginManagerController.m; sourceTree = "<group>"; };
		9373867B0CE521C8007EFB20 /* English */ = {isa = PBXFileReference; lastKnownFileType = file.xib; name = English; path = English.lproj/MainMenu.xib; sourceTree = "<group>"; };
		9373867E0CE52255007EFB20 /* PluginWindow.xib */ = {isa = PBXFileReference; lastKnownFileType = file.xib; path = PluginWindow.xib; sourceTree = "<group>"; };
		937386840CE5232C007EFB20 /* Mailbundle.h */ = {isa = PBXFileReference; fileEncoding = 4; lastKnownFileType = sourcecode.c.h; path = Mailbundle.h; sourceTree = "<group>"; };
		937386850CE5232C007EFB20 /* Mailbundle.m */ = {isa = PBXFileReference; fileEncoding = 4; lastKnownFileType = sourcecode.c.objc; path = Mailbundle.m; sourceTree = "<group>"; };
		937386880CE52354007EFB20 /* Installer.h */ = {isa = PBXFileReference; fileEncoding = 4; lastKnownFileType = sourcecode.c.h; path = Installer.h; sourceTree = "<group>"; };
		937386890CE52354007EFB20 /* Installer.m */ = {isa = PBXFileReference; fileEncoding = 4; lastKnownFileType = sourcecode.c.objc; path = Installer.m; sourceTree = "<group>"; };
		937386970CE523B7007EFB20 /* PluginWindowController.h */ = {isa = PBXFileReference; fileEncoding = 4; lastKnownFileType = sourcecode.c.h; path = PluginWindowController.h; sourceTree = "<group>"; };
		937386980CE523B7007EFB20 /* PluginWindowController.m */ = {isa = PBXFileReference; fileEncoding = 4; lastKnownFileType = sourcecode.c.objc; path = PluginWindowController.m; sourceTree = "<group>"; };
		93A249260CF35C0900C7026C /* PausePlay.tiff */ = {isa = PBXFileReference; lastKnownFileType = image.tiff; path = PausePlay.tiff; sourceTree = "<group>"; };
		93A249E70CF373BB00C7026C /* MailbundleOperationController.h */ = {isa = PBXFileReference; fileEncoding = 4; lastKnownFileType = sourcecode.c.h; path = MailbundleOperationController.h; sourceTree = "<group>"; };
		93A249E80CF373BB00C7026C /* MailbundleOperationController.m */ = {isa = PBXFileReference; fileEncoding = 4; lastKnownFileType = sourcecode.c.objc; path = MailbundleOperationController.m; sourceTree = "<group>"; };
		93A24A420CF37A3300C7026C /* MailbundleUIUpdater.h */ = {isa = PBXFileReference; fileEncoding = 4; lastKnownFileType = sourcecode.c.h; path = MailbundleUIUpdater.h; sourceTree = "<group>"; };
		93A24A430CF37A3300C7026C /* MailbundleUIUpdater.m */ = {isa = PBXFileReference; fileEncoding = 4; lastKnownFileType = sourcecode.c.objc; path = MailbundleUIUpdater.m; sourceTree = "<group>"; };
		93A24BA70CF3A62A00C7026C /* FSEventsController.h */ = {isa = PBXFileReference; fileEncoding = 4; lastKnownFileType = sourcecode.c.h; path = FSEventsController.h; sourceTree = "<group>"; };
		93A24BA80CF3A62A00C7026C /* FSEventsController.m */ = {isa = PBXFileReference; fileEncoding = 4; lastKnownFileType = sourcecode.c.objc; path = FSEventsController.m; sourceTree = "<group>"; };
		93A24BC80CF3A77A00C7026C /* CoreServices.framework */ = {isa = PBXFileReference; lastKnownFileType = wrapper.framework; name = CoreServices.framework; path = /System/Library/Frameworks/CoreServices.framework; sourceTree = "<absolute>"; };
		93B2564E0CF4D97C00600F29 /* Localizable.strings */ = {isa = PBXFileReference; fileEncoding = 10; lastKnownFileType = text.plist.strings; path = Localizable.strings; sourceTree = "<group>"; };
		93C299FC0D0552930007FDCE /* MailAppOperations.h */ = {isa = PBXFileReference; fileEncoding = 4; lastKnownFileType = sourcecode.c.h; path = MailAppOperations.h; sourceTree = "<group>"; };
		93C299FD0D0552930007FDCE /* MailAppOperations.m */ = {isa = PBXFileReference; fileEncoding = 4; lastKnownFileType = sourcecode.c.objc; path = MailAppOperations.m; sourceTree = "<group>"; };
		93C29A020D05566A0007FDCE /* Mail.h */ = {isa = PBXFileReference; fileEncoding = 4; lastKnownFileType = sourcecode.c.h; path = Mail.h; sourceTree = "<group>"; };
		93C29A3D0D0557960007FDCE /* ScriptingBridge.framework */ = {isa = PBXFileReference; lastKnownFileType = wrapper.framework; name = ScriptingBridge.framework; path = /System/Library/Frameworks/ScriptingBridge.framework; sourceTree = "<absolute>"; };
		93D000020CEBC46E007705DB /* NSArray+CocoaDevUsersAdditions.h */ = {isa = PBXFileReference; fileEncoding = 4; lastKnownFileType = sourcecode.c.h; path = "NSArray+CocoaDevUsersAdditions.h"; sourceTree = "<group>"; };
		93D000030CEBC46E007705DB /* NSArray+CocoaDevUsersAdditions.m */ = {isa = PBXFileReference; fileEncoding = 4; lastKnownFileType = sourcecode.c.objc; path = "NSArray+CocoaDevUsersAdditions.m"; sourceTree = "<group>"; };
		93D0002E0CECAA21007705DB /* InstallationStatus.m */ = {isa = PBXFileReference; fileEncoding = 4; lastKnownFileType = sourcecode.c.objc; path = InstallationStatus.m; sourceTree = "<group>"; };
		93D0FDE80CEB75D5007705DB /* delete.png */ = {isa = PBXFileReference; lastKnownFileType = image.png; path = delete.png; sourceTree = "<group>"; };
		93D0FDE90CEB75D5007705DB /* find.png */ = {isa = PBXFileReference; lastKnownFileType = image.png; path = find.png; sourceTree = "<group>"; };
		93D0FDEA0CEB75D5007705DB /* Mailbundle.icns */ = {isa = PBXFileReference; lastKnownFileType = image.icns; path = Mailbundle.icns; sourceTree = "<group>"; };
		93D0FDEB0CEB75D5007705DB /* Mailbundle.pxm */ = {isa = PBXFileReference; lastKnownFileType = file; path = Mailbundle.pxm; sourceTree = "<group>"; };
		93D0FDEC0CEB75D5007705DB /* Mailbundle.tiff */ = {isa = PBXFileReference; lastKnownFileType = image.tiff; path = Mailbundle.tiff; sourceTree = "<group>"; };
		93D0FDED0CEB75D5007705DB /* MailPluginManager.icns */ = {isa = PBXFileReference; lastKnownFileType = image.icns; path = MailPluginManager.icns; sourceTree = "<group>"; };
		93D0FDEE0CEB75D5007705DB /* MailPluginManager.pxm */ = {isa = PBXFileReference; lastKnownFileType = file; path = MailPluginManager.pxm; sourceTree = "<group>"; };
		93D0FDEF0CEB75D5007705DB /* MailPluginManager.tiff */ = {isa = PBXFileReference; lastKnownFileType = image.tiff; path = MailPluginManager.tiff; sourceTree = "<group>"; };
		93D0FDF00CEB75D5007705DB /* Pause.tiff */ = {isa = PBXFileReference; lastKnownFileType = image.tiff; path = Pause.tiff; sourceTree = "<group>"; };
		93D0FDF10CEB75D5007705DB /* Play.tiff */ = {isa = PBXFileReference; lastKnownFileType = image.tiff; path = Play.tiff; sourceTree = "<group>"; };
		93D0FDF20CEB75D5007705DB /* reload.png */ = {isa = PBXFileReference; lastKnownFileType = image.png; path = reload.png; sourceTree = "<group>"; };
		93D0FDF30CEB75D5007705DB /* stop.png */ = {isa = PBXFileReference; lastKnownFileType = image.png; path = stop.png; sourceTree = "<group>"; };
		93D0FE2C0CEB8898007705DB /* NSFileManager+TRAdditions.h */ = {isa = PBXFileReference; fileEncoding = 4; lastKnownFileType = sourcecode.c.h; path = "NSFileManager+TRAdditions.h"; sourceTree = "<group>"; };
		93D0FE2D0CEB8898007705DB /* NSFileManager+TRAdditions.m */ = {isa = PBXFileReference; fileEncoding = 4; lastKnownFileType = sourcecode.c.objc; path = "NSFileManager+TRAdditions.m"; sourceTree = "<group>"; };
		93D0FE840CEB91E5007705DB /* NSString+TRAdditions.h */ = {isa = PBXFileReference; fileEncoding = 4; lastKnownFileType = sourcecode.c.h; path = "NSString+TRAdditions.h"; sourceTree = "<group>"; };
		93D0FE850CEB91E5007705DB /* NSString+TRAdditions.m */ = {isa = PBXFileReference; fileEncoding = 4; lastKnownFileType = sourcecode.c.objc; path = "NSString+TRAdditions.m"; sourceTree = "<group>"; };
		93D0FFA70CEBB8C1007705DB /* PluginLibraryController.h */ = {isa = PBXFileReference; fileEncoding = 4; lastKnownFileType = sourcecode.c.h; path = PluginLibraryController.h; sourceTree = "<group>"; };
		93D0FFA80CEBB8C1007705DB /* PluginLibraryController.m */ = {isa = PBXFileReference; fileEncoding = 4; lastKnownFileType = sourcecode.c.objc; path = PluginLibraryController.m; sourceTree = "<group>"; };
		93E253A00CEE312F00D9525A /* AlertFactory.h */ = {isa = PBXFileReference; fileEncoding = 4; lastKnownFileType = sourcecode.c.h; path = AlertFactory.h; sourceTree = "<group>"; };
		93E253A10CEE312F00D9525A /* AlertFactory.m */ = {isa = PBXFileReference; fileEncoding = 4; lastKnownFileType = sourcecode.c.objc; path = AlertFactory.m; sourceTree = "<group>"; };
/* End PBXFileReference section */

/* Begin PBXFrameworksBuildPhase section */
		8D11072E0486CEB800E47090 /* Frameworks */ = {
			isa = PBXFrameworksBuildPhase;
			buildActionMask = 2147483647;
			files = (
				8D11072F0486CEB800E47090 /* Cocoa.framework in Frameworks */,
				93A24BC90CF3A77A00C7026C /* CoreServices.framework in Frameworks */,
				93C29A3E0D0557960007FDCE /* ScriptingBridge.framework in Frameworks */,
				9354C76E1144125400F16F6D /* BWToolkitFramework.framework in Frameworks */,
				9354C8081144267A00F16F6D /* Sparkle.framework in Frameworks */,
			);
			runOnlyForDeploymentPostprocessing = 0;
		};
/* End PBXFrameworksBuildPhase section */

/* Begin PBXGroup section */
		080E96DDFE201D6D7F000001 /* Classes */ = {
			isa = PBXGroup;
			children = (
				937386740CE52165007EFB20 /* model */,
				937386710CE52161007EFB20 /* view */,
				9373868B0CE52365007EFB20 /* viewcontroller */,
				93D0FFA60CEBB866007705DB /* modelcontroller */,
				937386750CE5216A007EFB20 /* appcontroller */,
				937386870CE52333007EFB20 /* processor */,
			);
			name = Classes;
			sourceTree = "<group>";
		};
		1058C7A0FEA54F0111CA2CBB /* Linked Frameworks */ = {
			isa = PBXGroup;
			children = (
				93C29A3D0D0557960007FDCE /* ScriptingBridge.framework */,
				93A24BC80CF3A77A00C7026C /* CoreServices.framework */,
				1058C7A1FEA54F0111CA2CBB /* Cocoa.framework */,
				9354C76D1144125400F16F6D /* BWToolkitFramework.framework */,
				9354C8071144267A00F16F6D /* Sparkle.framework */,
			);
			name = "Linked Frameworks";
			sourceTree = "<group>";
		};
		1058C7A2FEA54F0111CA2CBB /* Other Frameworks */ = {
			isa = PBXGroup;
			children = (
				29B97324FDCFA39411CA2CEA /* AppKit.framework */,
				13E42FB307B3F0F600E4EEF1 /* CoreData.framework */,
				29B97325FDCFA39411CA2CEA /* Foundation.framework */,
			);
			name = "Other Frameworks";
			sourceTree = "<group>";
		};
		19C28FACFE9D520D11CA2CBB /* Products */ = {
			isa = PBXGroup;
			children = (
				8D1107320486CEB800E47090 /* Mail Plugin Manager.app */,
			);
			name = Products;
			sourceTree = "<group>";
		};
		29B97314FDCFA39411CA2CEA /* MailPluginManager */ = {
			isa = PBXGroup;
			children = (
				93D0FE2B0CEB886F007705DB /* categories */,
				080E96DDFE201D6D7F000001 /* Classes */,
				29B97315FDCFA39411CA2CEA /* main */,
				29B97317FDCFA39411CA2CEA /* resources */,
				29B97323FDCFA39411CA2CEA /* Frameworks */,
				19C28FACFE9D520D11CA2CBB /* Products */,
			);
			name = MailPluginManager;
			sourceTree = "<group>";
		};
		29B97315FDCFA39411CA2CEA /* main */ = {
			isa = PBXGroup;
			children = (
				93C29A020D05566A0007FDCE /* Mail.h */,
				32CA4F630368D1EE00C91783 /* MailPluginManager_Prefix.pch */,
				29B97316FDCFA39411CA2CEA /* main.m */,
			);
			name = main;
			path = src/main;
			sourceTree = "<group>";
		};
		29B97317FDCFA39411CA2CEA /* resources */ = {
			isa = PBXGroup;
			children = (
				93B2564C0CF4D95F00600F29 /* Localizable */,
				93B2564B0CF4D95600600F29 /* Plists */,
				93D0FDE70CEB75D5007705DB /* Icons */,
				9373869A0CE52686007EFB20 /* Nibs */,
			);
			path = resources;
			sourceTree = "<group>";
		};
		29B97323FDCFA39411CA2CEA /* Frameworks */ = {
			isa = PBXGroup;
			children = (
				1058C7A0FEA54F0111CA2CBB /* Linked Frameworks */,
				1058C7A2FEA54F0111CA2CBB /* Other Frameworks */,
			);
			name = Frameworks;
			sourceTree = "<group>";
		};
		937386710CE52161007EFB20 /* view */ = {
			isa = PBXGroup;
			children = (
				9338E25E0CEA4E6400CAEC13 /* TransparentImageView.h */,
				9338E25F0CEA4E6400CAEC13 /* TransparentImageView.m */,
			);
			name = view;
			path = src/view;
			sourceTree = "<group>";
		};
		937386740CE52165007EFB20 /* model */ = {
			isa = PBXGroup;
			children = (
				937386840CE5232C007EFB20 /* Mailbundle.h */,
				937386850CE5232C007EFB20 /* Mailbundle.m */,
				9338E2940CEA5F4B00CAEC13 /* Constants.h */,
				9338E2950CEA5F4B00CAEC13 /* Constants.m */,
				9338E3410CEA6A6700CAEC13 /* Utilities.h */,
				9338E3420CEA6A6700CAEC13 /* Utilities.m */,
				9338E38A0CEA7B2300CAEC13 /* InstallationStatus.h */,
				93D0002E0CECAA21007705DB /* InstallationStatus.m */,
				932F32CA1144395A007290E2 /* PluginLibrary.h */,
				932F32CB1144395A007290E2 /* PluginLibrary.m */,
			);
			name = model;
			path = src/model;
			sourceTree = "<group>";
		};
		937386750CE5216A007EFB20 /* appcontroller */ = {
			isa = PBXGroup;
			children = (
				937386760CE52186007EFB20 /* MailPluginManagerController.h */,
				937386770CE52186007EFB20 /* MailPluginManagerController.m */,
				93A249E70CF373BB00C7026C /* MailbundleOperationController.h */,
				93A249E80CF373BB00C7026C /* MailbundleOperationController.m */,
				93A24BA70CF3A62A00C7026C /* FSEventsController.h */,
				93A24BA80CF3A62A00C7026C /* FSEventsController.m */,
			);
			name = appcontroller;
			path = src/appcontroller;
			sourceTree = "<group>";
		};
		937386870CE52333007EFB20 /* processor */ = {
			isa = PBXGroup;
			children = (
				937386880CE52354007EFB20 /* Installer.h */,
				937386890CE52354007EFB20 /* Installer.m */,
				9338DFD40CE8EF9000CAEC13 /* MailPreferencesFiddler.h */,
				9338DFD50CE8EF9000CAEC13 /* MailPreferencesFiddler.m */,
				9338E0770CE9128400CAEC13 /* MailbundleOperations.h */,
				9338E0780CE9128400CAEC13 /* MailbundleOperations.m */,
				93C299FC0D0552930007FDCE /* MailAppOperations.h */,
				93C299FD0D0552930007FDCE /* MailAppOperations.m */,
			);
			name = processor;
			path = src/processor;
			sourceTree = "<group>";
		};
		9373868B0CE52365007EFB20 /* viewcontroller */ = {
			isa = PBXGroup;
			children = (
				937386970CE523B7007EFB20 /* PluginWindowController.h */,
				937386980CE523B7007EFB20 /* PluginWindowController.m */,
				9338DFD10CE8ECF200CAEC13 /* PluginLibraryWindowController.h */,
				9338DFD20CE8ECF200CAEC13 /* PluginLibraryWindowController.m */,
				93A24A420CF37A3300C7026C /* MailbundleUIUpdater.h */,
				93A24A430CF37A3300C7026C /* MailbundleUIUpdater.m */,
				93E253A00CEE312F00D9525A /* AlertFactory.h */,
				93E253A10CEE312F00D9525A /* AlertFactory.m */,
			);
			name = viewcontroller;
			path = src/viewcontroller;
			sourceTree = "<group>";
		};
		9373869A0CE52686007EFB20 /* Nibs */ = {
			isa = PBXGroup;
			children = (
				9373867A0CE521C8007EFB20 /* MainMenu.xib */,
				9373867E0CE52255007EFB20 /* PluginWindow.xib */,
			);
			name = Nibs;
			sourceTree = "<group>";
		};
		93B2564B0CF4D95600600F29 /* Plists */ = {
			isa = PBXGroup;
			children = (
				8D1107310486CEB800E47090 /* Info.plist */,
			);
			name = Plists;
			sourceTree = "<group>";
		};
		93B2564C0CF4D95F00600F29 /* Localizable */ = {
			isa = PBXGroup;
			children = (
				93B2564E0CF4D97C00600F29 /* Localizable.strings */,
				089C165CFE840E0CC02AAC07 /* InfoPlist.strings */,
			);
			name = Localizable;
			sourceTree = "<group>";
		};
		93D0FDE70CEB75D5007705DB /* Icons */ = {
			isa = PBXGroup;
			children = (
				93A249260CF35C0900C7026C /* PausePlay.tiff */,
				93D0FDE80CEB75D5007705DB /* delete.png */,
				93D0FDE90CEB75D5007705DB /* find.png */,
				93D0FDEA0CEB75D5007705DB /* Mailbundle.icns */,
				93D0FDEB0CEB75D5007705DB /* Mailbundle.pxm */,
				93D0FDEC0CEB75D5007705DB /* Mailbundle.tiff */,
				93D0FDED0CEB75D5007705DB /* MailPluginManager.icns */,
				93D0FDEE0CEB75D5007705DB /* MailPluginManager.pxm */,
				93D0FDEF0CEB75D5007705DB /* MailPluginManager.tiff */,
				93D0FDF00CEB75D5007705DB /* Pause.tiff */,
				93D0FDF10CEB75D5007705DB /* Play.tiff */,
				93D0FDF20CEB75D5007705DB /* reload.png */,
				93D0FDF30CEB75D5007705DB /* stop.png */,
			);
			path = Icons;
			sourceTree = "<group>";
		};
		93D0FE2B0CEB886F007705DB /* categories */ = {
			isa = PBXGroup;
			children = (
				93D0FE840CEB91E5007705DB /* NSString+TRAdditions.h */,
				93D0FE850CEB91E5007705DB /* NSString+TRAdditions.m */,
				93D0FE2C0CEB8898007705DB /* NSFileManager+TRAdditions.h */,
				93D0FE2D0CEB8898007705DB /* NSFileManager+TRAdditions.m */,
				93D000020CEBC46E007705DB /* NSArray+CocoaDevUsersAdditions.h */,
				93D000030CEBC46E007705DB /* NSArray+CocoaDevUsersAdditions.m */,
			);
			name = categories;
			path = src/categories;
			sourceTree = "<group>";
		};
		93D0FFA60CEBB866007705DB /* modelcontroller */ = {
			isa = PBXGroup;
			children = (
				93D0FFA70CEBB8C1007705DB /* PluginLibraryController.h */,
				93D0FFA80CEBB8C1007705DB /* PluginLibraryController.m */,
			);
			name = modelcontroller;
			path = src/modelcontroller;
			sourceTree = "<group>";
		};
/* End PBXGroup section */

/* Begin PBXNativeTarget section */
		8D1107260486CEB800E47090 /* MailPluginManager */ = {
			isa = PBXNativeTarget;
			buildConfigurationList = C01FCF4A08A954540054247B /* Build configuration list for PBXNativeTarget "MailPluginManager" */;
			buildPhases = (
				9354C7FA114416A900F16F6D /* Copy Frameworks */,
				8D1107290486CEB800E47090 /* Resources */,
				8D11072C0486CEB800E47090 /* Sources */,
				8D11072E0486CEB800E47090 /* Frameworks */,
			);
			buildRules = (
			);
			dependencies = (
			);
			name = MailPluginManager;
			productInstallPath = "$(HOME)/Applications";
			productName = MailPluginManager;
			productReference = 8D1107320486CEB800E47090 /* Mail Plugin Manager.app */;
			productType = "com.apple.product-type.application";
		};
/* End PBXNativeTarget section */

/* Begin PBXProject section */
		29B97313FDCFA39411CA2CEA /* Project object */ = {
			isa = PBXProject;
			buildConfigurationList = C01FCF4E08A954540054247B /* Build configuration list for PBXProject "MailPluginManager" */;
			compatibilityVersion = "Xcode 3.0";
			hasScannedForEncodings = 1;
			mainGroup = 29B97314FDCFA39411CA2CEA /* MailPluginManager */;
			projectDirPath = "";
			projectRoot = "";
			targets = (
				8D1107260486CEB800E47090 /* MailPluginManager */,
			);
		};
/* End PBXProject section */

/* Begin PBXResourcesBuildPhase section */
		8D1107290486CEB800E47090 /* Resources */ = {
			isa = PBXResourcesBuildPhase;
			buildActionMask = 2147483647;
			files = (
				8D11072B0486CEB800E47090 /* InfoPlist.strings in Resources */,
				9373867C0CE521C8007EFB20 /* MainMenu.xib in Resources */,
				9373867F0CE52255007EFB20 /* PluginWindow.xib in Resources */,
				93D0FDF40CEB75D5007705DB /* delete.png in Resources */,
				93D0FDF50CEB75D5007705DB /* find.png in Resources */,
				93D0FDF60CEB75D5007705DB /* Mailbundle.icns in Resources */,
				93D0FDF90CEB75D5007705DB /* MailPluginManager.icns in Resources */,
				93D0FDFC0CEB75D5007705DB /* Pause.tiff in Resources */,
				93D0FDFD0CEB75D5007705DB /* Play.tiff in Resources */,
				93D0FDFE0CEB75D5007705DB /* reload.png in Resources */,
				93D0FDFF0CEB75D5007705DB /* stop.png in Resources */,
				93A249270CF35C0900C7026C /* PausePlay.tiff in Resources */,
				93B2564F0CF4D97C00600F29 /* Localizable.strings in Resources */,
			);
			runOnlyForDeploymentPostprocessing = 0;
		};
/* End PBXResourcesBuildPhase section */

/* Begin PBXSourcesBuildPhase section */
		8D11072C0486CEB800E47090 /* Sources */ = {
			isa = PBXSourcesBuildPhase;
			buildActionMask = 2147483647;
			files = (
				8D11072D0486CEB800E47090 /* main.m in Sources */,
				937386780CE52186007EFB20 /* MailPluginManagerController.m in Sources */,
				937386860CE5232C007EFB20 /* Mailbundle.m in Sources */,
				9373868A0CE52354007EFB20 /* Installer.m in Sources */,
				937386990CE523B7007EFB20 /* PluginWindowController.m in Sources */,
				9338DFD30CE8ECF200CAEC13 /* PluginLibraryWindowController.m in Sources */,
				9338DFD60CE8EF9000CAEC13 /* MailPreferencesFiddler.m in Sources */,
				9338E0790CE9128400CAEC13 /* MailbundleOperations.m in Sources */,
				9338E2600CEA4E6400CAEC13 /* TransparentImageView.m in Sources */,
				9338E2960CEA5F4B00CAEC13 /* Constants.m in Sources */,
				9338E3430CEA6A6700CAEC13 /* Utilities.m in Sources */,
				93D0FE2E0CEB8898007705DB /* NSFileManager+TRAdditions.m in Sources */,
				93D0FE860CEB91E5007705DB /* NSString+TRAdditions.m in Sources */,
				93D0FFA90CEBB8C1007705DB /* PluginLibraryController.m in Sources */,
				93D000040CEBC46E007705DB /* NSArray+CocoaDevUsersAdditions.m in Sources */,
				93D0002F0CECAA21007705DB /* InstallationStatus.m in Sources */,
				93E253A20CEE312F00D9525A /* AlertFactory.m in Sources */,
				93A249E90CF373BB00C7026C /* MailbundleOperationController.m in Sources */,
				93A24A440CF37A3300C7026C /* MailbundleUIUpdater.m in Sources */,
				93A24BA90CF3A62A00C7026C /* FSEventsController.m in Sources */,
				93C299FE0D0552930007FDCE /* MailAppOperations.m in Sources */,
				932F32CC1144395A007290E2 /* PluginLibrary.m in Sources */,
			);
			runOnlyForDeploymentPostprocessing = 0;
		};
/* End PBXSourcesBuildPhase section */

/* Begin PBXVariantGroup section */
		089C165CFE840E0CC02AAC07 /* InfoPlist.strings */ = {
			isa = PBXVariantGroup;
			children = (
				089C165DFE840E0CC02AAC07 /* English */,
			);
			name = InfoPlist.strings;
			sourceTree = "<group>";
		};
		9373867A0CE521C8007EFB20 /* MainMenu.xib */ = {
			isa = PBXVariantGroup;
			children = (
				9373867B0CE521C8007EFB20 /* English */,
			);
			name = MainMenu.xib;
			sourceTree = "<group>";
		};
/* End PBXVariantGroup section */

/* Begin XCBuildConfiguration section */
		C01FCF4B08A954540054247B /* Debug */ = {
			isa = XCBuildConfiguration;
			buildSettings = {
				COPY_PHASE_STRIP = NO;
				FRAMEWORK_SEARCH_PATHS = "$(inherited)";
				GCC_DYNAMIC_NO_PIC = NO;
				GCC_ENABLE_FIX_AND_CONTINUE = YES;
				GCC_MODEL_TUNING = G5;
				GCC_OPTIMIZATION_LEVEL = 0;
				GCC_PRECOMPILE_PREFIX_HEADER = YES;
				GCC_PREFIX_HEADER = src/main/MailPluginManager_Prefix.pch;
				INFOPLIST_FILE = resources/Info.plist;
				INSTALL_PATH = "$(HOME)/Applications";
				PRODUCT_NAME = "Mail Plugin Manager";
				WRAPPER_EXTENSION = app;
				ZERO_LINK = YES;
			};
			name = Debug;
		};
		C01FCF4C08A954540054247B /* Release */ = {
			isa = XCBuildConfiguration;
			buildSettings = {
				DEBUG_INFORMATION_FORMAT = "dwarf-with-dsym";
				FRAMEWORK_SEARCH_PATHS = "$(inherited)";
				GCC_MODEL_TUNING = G5;
				GCC_PRECOMPILE_PREFIX_HEADER = YES;
				GCC_PREFIX_HEADER = src/main/MailPluginManager_Prefix.pch;
				INFOPLIST_FILE = resources/Info.plist;
				INSTALL_PATH = "$(HOME)/Applications";
				PRODUCT_NAME = "Mail Plugin Manager";
				WRAPPER_EXTENSION = app;
			};
			name = Release;
		};
		C01FCF4F08A954540054247B /* Debug */ = {
			isa = XCBuildConfiguration;
			buildSettings = {
				FRAMEWORK_SEARCH_PATHS = "frameworks//**";
				GCC_ENABLE_OBJC_GC = required;
				GCC_MODEL_TUNING = "";
				GCC_WARN_ABOUT_RETURN_TYPE = YES;
				GCC_WARN_UNUSED_VARIABLE = YES;
				MACOSX_DEPLOYMENT_TARGET = 10.5;
				PREBINDING = NO;
				SDKROOT = "$(DEVELOPER_SDK_DIR)/MacOSX10.5.sdk";
			};
			name = Debug;
		};
		C01FCF5008A954540054247B /* Release */ = {
			isa = XCBuildConfiguration;
			buildSettings = {
				ARCHS = (
					ppc,
					i386,
				);
				FRAMEWORK_SEARCH_PATHS = "frameworks//**";
				GCC_ENABLE_OBJC_GC = required;
				GCC_MODEL_TUNING = "";
				GCC_WARN_ABOUT_RETURN_TYPE = YES;
				GCC_WARN_UNUSED_VARIABLE = YES;
				MACOSX_DEPLOYMENT_TARGET = 10.5;
				PREBINDING = NO;
				SDKROOT = "$(DEVELOPER_SDK_DIR)/MacOSX10.5.sdk";
			};
			name = Release;
		};
/* End XCBuildConfiguration section */

/* Begin XCConfigurationList section */
		C01FCF4A08A954540054247B /* Build configuration list for PBXNativeTarget "MailPluginManager" */ = {
			isa = XCConfigurationList;
			buildConfigurations = (
				C01FCF4B08A954540054247B /* Debug */,
				C01FCF4C08A954540054247B /* Release */,
			);
			defaultConfigurationIsVisible = 0;
			defaultConfigurationName = Release;
		};
		C01FCF4E08A954540054247B /* Build configuration list for PBXProject "MailPluginManager" */ = {
			isa = XCConfigurationList;
			buildConfigurations = (
				C01FCF4F08A954540054247B /* Debug */,
				C01FCF5008A954540054247B /* Release */,
			);
			defaultConfigurationIsVisible = 0;
			defaultConfigurationName = Release;
		};
/* End XCConfigurationList section */
	};
	rootObject = 29B97313FDCFA39411CA2CEA /* Project object */;
}
